// !$*UTF8*$!
{
	archiveVersion = 1;
	classes = {
	};
	objectVersion = 77;
	objects = {

/* Begin PBXBuildFile section */
		9BC7725E2E65C61F0038A97C /* SwiftUIIntrospect in Frameworks */ = {isa = PBXBuildFile; productRef = 9BC7725D2E65C61F0038A97C /* SwiftUIIntrospect */; };
/* End PBXBuildFile section */

/* Begin PBXContainerItemProxy section */
		9BB20E9A2E4150F50092F16F /* PBXContainerItemProxy */ = {
			isa = PBXContainerItemProxy;
			containerPortal = 9BB20E842E4150F30092F16F /* Project object */;
			proxyType = 1;
			remoteGlobalIDString = 9BB20E8B2E4150F30092F16F;
			remoteInfo = SwiftUIChat;
		};
		9BB20EA42E4150F50092F16F /* PBXContainerItemProxy */ = {
			isa = PBXContainerItemProxy;
			containerPortal = 9BB20E842E4150F30092F16F /* Project object */;
			proxyType = 1;
			remoteGlobalIDString = 9BB20E8B2E4150F30092F16F;
			remoteInfo = SwiftUIChat;
		};
/* End PBXContainerItemProxy section */

/* Begin PBXFileReference section */
		9BB20E8C2E4150F30092F16F /* SwiftUIChat.app */ = {isa = PBXFileReference; explicitFileType = wrapper.application; includeInIndex = 0; path = SwiftUIChat.app; sourceTree = BUILT_PRODUCTS_DIR; };
		9BB20E992E4150F50092F16F /* SwiftUIChatTests.xctest */ = {isa = PBXFileReference; explicitFileType = wrapper.cfbundle; includeInIndex = 0; path = SwiftUIChatTests.xctest; sourceTree = BUILT_PRODUCTS_DIR; };
		9BB20EA32E4150F50092F16F /* SwiftUIChatUITests.xctest */ = {isa = PBXFileReference; explicitFileType = wrapper.cfbundle; includeInIndex = 0; path = SwiftUIChatUITests.xctest; sourceTree = BUILT_PRODUCTS_DIR; };
/* End PBXFileReference section */

/* Begin PBXFileSystemSynchronizedRootGroup section */
		9BB20E8E2E4150F30092F16F /* SwiftUIChat */ = {
			isa = PBXFileSystemSynchronizedRootGroup;
			path = SwiftUIChat;
			sourceTree = "<group>";
		};
		9BB20E9C2E4150F50092F16F /* SwiftUIChatTests */ = {
			isa = PBXFileSystemSynchronizedRootGroup;
			path = SwiftUIChatTests;
			sourceTree = "<group>";
		};
		9BB20EA62E4150F50092F16F /* SwiftUIChatUITests */ = {
			isa = PBXFileSystemSynchronizedRootGroup;
			path = SwiftUIChatUITests;
			sourceTree = "<group>";
		};
/* End PBXFileSystemSynchronizedRootGroup section */

/* Begin PBXFrameworksBuildPhase section */
		9BB20E892E4150F30092F16F /* Frameworks */ = {
			isa = PBXFrameworksBuildPhase;
			buildActionMask = 2147483647;
			files = (
				9BC7725E2E65C61F0038A97C /* SwiftUIIntrospect in Frameworks */,
			);
			runOnlyForDeploymentPostprocessing = 0;
		};
		9BB20E962E4150F50092F16F /* Frameworks */ = {
			isa = PBXFrameworksBuildPhase;
			buildActionMask = 2147483647;
			files = (
			);
			runOnlyForDeploymentPostprocessing = 0;
		};
		9BB20EA02E4150F50092F16F /* Frameworks */ = {
			isa = PBXFrameworksBuildPhase;
			buildActionMask = 2147483647;
			files = (
			);
			runOnlyForDeploymentPostprocessing = 0;
		};
/* End PBXFrameworksBuildPhase section */

/* Begin PBXGroup section */
		9BB20E832E4150F30092F16F = {
			isa = PBXGroup;
			children = (
				9BB20E8E2E4150F30092F16F /* SwiftUIChat */,
				9BB20E9C2E4150F50092F16F /* SwiftUIChatTests */,
				9BB20EA62E4150F50092F16F /* SwiftUIChatUITests */,
				9BB20E8D2E4150F30092F16F /* Products */,
			);
			sourceTree = "<group>";
		};
		9BB20E8D2E4150F30092F16F /* Products */ = {
			isa = PBXGroup;
			children = (
				9BB20E8C2E4150F30092F16F /* SwiftUIChat.app */,
				9BB20E992E4150F50092F16F /* SwiftUIChatTests.xctest */,
				9BB20EA32E4150F50092F16F /* SwiftUIChatUITests.xctest */,
			);
			name = Products;
			sourceTree = "<group>";
		};
/* End PBXGroup section */

/* Begin PBXNativeTarget section */
		9BB20E8B2E4150F30092F16F /* SwiftUIChat */ = {
			isa = PBXNativeTarget;
			buildConfigurationList = 9BB20EAD2E4150F50092F16F /* Build configuration list for PBXNativeTarget "SwiftUIChat" */;
			buildPhases = (
				9BB20E882E4150F30092F16F /* Sources */,
				9BB20E892E4150F30092F16F /* Frameworks */,
				9BB20E8A2E4150F30092F16F /* Resources */,
			);
			buildRules = (
			);
			dependencies = (
			);
			fileSystemSynchronizedGroups = (
				9BB20E8E2E4150F30092F16F /* SwiftUIChat */,
			);
			name = SwiftUIChat;
			packageProductDependencies = (
				9BC7725D2E65C61F0038A97C /* SwiftUIIntrospect */,
			);
			productName = SwiftUIChat;
			productReference = 9BB20E8C2E4150F30092F16F /* SwiftUIChat.app */;
			productType = "com.apple.product-type.application";
		};
		9BB20E982E4150F50092F16F /* SwiftUIChatTests */ = {
			isa = PBXNativeTarget;
			buildConfigurationList = 9BB20EB02E4150F50092F16F /* Build configuration list for PBXNativeTarget "SwiftUIChatTests" */;
			buildPhases = (
				9BB20E952E4150F50092F16F /* Sources */,
				9BB20E962E4150F50092F16F /* Frameworks */,
				9BB20E972E4150F50092F16F /* Resources */,
			);
			buildRules = (
			);
			dependencies = (
				9BB20E9B2E4150F50092F16F /* PBXTargetDependency */,
			);
			fileSystemSynchronizedGroups = (
				9BB20E9C2E4150F50092F16F /* SwiftUIChatTests */,
			);
			name = SwiftUIChatTests;
			packageProductDependencies = (
			);
			productName = SwiftUIChatTests;
			productReference = 9BB20E992E4150F50092F16F /* SwiftUIChatTests.xctest */;
			productType = "com.apple.product-type.bundle.unit-test";
		};
		9BB20EA22E4150F50092F16F /* SwiftUIChatUITests */ = {
			isa = PBXNativeTarget;
			buildConfigurationList = 9BB20EB32E4150F50092F16F /* Build configuration list for PBXNativeTarget "SwiftUIChatUITests" */;
			buildPhases = (
				9BB20E9F2E4150F50092F16F /* Sources */,
				9BB20EA02E4150F50092F16F /* Frameworks */,
				9BB20EA12E4150F50092F16F /* Resources */,
			);
			buildRules = (
			);
			dependencies = (
				9BB20EA52E4150F50092F16F /* PBXTargetDependency */,
			);
			fileSystemSynchronizedGroups = (
				9BB20EA62E4150F50092F16F /* SwiftUIChatUITests */,
			);
			name = SwiftUIChatUITests;
			packageProductDependencies = (
			);
			productName = SwiftUIChatUITests;
			productReference = 9BB20EA32E4150F50092F16F /* SwiftUIChatUITests.xctest */;
			productType = "com.apple.product-type.bundle.ui-testing";
		};
/* End PBXNativeTarget section */

/* Begin PBXProject section */
		9BB20E842E4150F30092F16F /* Project object */ = {
			isa = PBXProject;
			attributes = {
				BuildIndependentTargetsInParallel = 1;
				LastSwiftUpdateCheck = 1640;
				LastUpgradeCheck = 1640;
				TargetAttributes = {
					9BB20E8B2E4150F30092F16F = {
						CreatedOnToolsVersion = 16.4;
					};
					9BB20E982E4150F50092F16F = {
						CreatedOnToolsVersion = 16.4;
						TestTargetID = 9BB20E8B2E4150F30092F16F;
					};
					9BB20EA22E4150F50092F16F = {
						CreatedOnToolsVersion = 16.4;
						TestTargetID = 9BB20E8B2E4150F30092F16F;
					};
				};
			};
			buildConfigurationList = 9BB20E872E4150F30092F16F /* Build configuration list for PBXProject "SwiftUIChat" */;
			developmentRegion = en;
			hasScannedForEncodings = 0;
			knownRegions = (
				en,
				Base,
			);
			mainGroup = 9BB20E832E4150F30092F16F;
			minimizedProjectReferenceProxies = 1;
			packageReferences = (
				9BC7725C2E65C61F0038A97C /* XCRemoteSwiftPackageReference "swiftui-introspect" */,
			);
			preferredProjectObjectVersion = 77;
			productRefGroup = 9BB20E8D2E4150F30092F16F /* Products */;
			projectDirPath = "";
			projectRoot = "";
			targets = (
				9BB20E8B2E4150F30092F16F /* SwiftUIChat */,
				9BB20E982E4150F50092F16F /* SwiftUIChatTests */,
				9BB20EA22E4150F50092F16F /* SwiftUIChatUITests */,
			);
		};
/* End PBXProject section */

/* Begin PBXResourcesBuildPhase section */
		9BB20E8A2E4150F30092F16F /* Resources */ = {
			isa = PBXResourcesBuildPhase;
			buildActionMask = 2147483647;
			files = (
			);
			runOnlyForDeploymentPostprocessing = 0;
		};
		9BB20E972E4150F50092F16F /* Resources */ = {
			isa = PBXResourcesBuildPhase;
			buildActionMask = 2147483647;
			files = (
			);
			runOnlyForDeploymentPostprocessing = 0;
		};
		9BB20EA12E4150F50092F16F /* Resources */ = {
			isa = PBXResourcesBuildPhase;
			buildActionMask = 2147483647;
			files = (
			);
			runOnlyForDeploymentPostprocessing = 0;
		};
/* End PBXResourcesBuildPhase section */

/* Begin PBXSourcesBuildPhase section */
		9BB20E882E4150F30092F16F /* Sources */ = {
			isa = PBXSourcesBuildPhase;
			buildActionMask = 2147483647;
			files = (
			);
			runOnlyForDeploymentPostprocessing = 0;
		};
		9BB20E952E4150F50092F16F /* Sources */ = {
			isa = PBXSourcesBuildPhase;
			buildActionMask = 2147483647;
			files = (
			);
			runOnlyForDeploymentPostprocessing = 0;
		};
		9BB20E9F2E4150F50092F16F /* Sources */ = {
			isa = PBXSourcesBuildPhase;
			buildActionMask = 2147483647;
			files = (
			);
			runOnlyForDeploymentPostprocessing = 0;
		};
/* End PBXSourcesBuildPhase section */

/* Begin PBXTargetDependency section */
		9BB20E9B2E4150F50092F16F /* PBXTargetDependency */ = {
			isa = PBXTargetDependency;
			target = 9BB20E8B2E4150F30092F16F /* SwiftUIChat */;
			targetProxy = 9BB20E9A2E4150F50092F16F /* PBXContainerItemProxy */;
		};
		9BB20EA52E4150F50092F16F /* PBXTargetDependency */ = {
			isa = PBXTargetDependency;
			target = 9BB20E8B2E4150F30092F16F /* SwiftUIChat */;
			targetProxy = 9BB20EA42E4150F50092F16F /* PBXContainerItemProxy */;
		};
/* End PBXTargetDependency section */

/* Begin XCBuildConfiguration section */
		9BB20EAB2E4150F50092F16F /* Debug */ = {
			isa = XCBuildConfiguration;
			buildSettings = {
				ALWAYS_SEARCH_USER_PATHS = NO;
				ASSETCATALOG_COMPILER_GENERATE_SWIFT_ASSET_SYMBOL_EXTENSIONS = YES;
				CLANG_ANALYZER_NONNULL = YES;
				CLANG_ANALYZER_NUMBER_OBJECT_CONVERSION = YES_AGGRESSIVE;
				CLANG_CXX_LANGUAGE_STANDARD = "gnu++20";
				CLANG_ENABLE_MODULES = YES;
				CLANG_ENABLE_OBJC_ARC = YES;
				CLANG_ENABLE_OBJC_WEAK = YES;
				CLANG_WARN_BLOCK_CAPTURE_AUTORELEASING = YES;
				CLANG_WARN_BOOL_CONVERSION = YES;
				CLANG_WARN_COMMA = YES;
				CLANG_WARN_CONSTANT_CONVERSION = YES;
				CLANG_WARN_DEPRECATED_OBJC_IMPLEMENTATIONS = YES;
				CLANG_WARN_DIRECT_OBJC_ISA_USAGE = YES_ERROR;
				CLANG_WARN_DOCUMENTATION_COMMENTS = YES;
				CLANG_WARN_EMPTY_BODY = YES;
				CLANG_WARN_ENUM_CONVERSION = YES;
				CLANG_WARN_INFINITE_RECURSION = YES;
				CLANG_WARN_INT_CONVERSION = YES;
				CLANG_WARN_NON_LITERAL_NULL_CONVERSION = YES;
				CLANG_WARN_OBJC_IMPLICIT_RETAIN_SELF = YES;
				CLANG_WARN_OBJC_LITERAL_CONVERSION = YES;
				CLANG_WARN_OBJC_ROOT_CLASS = YES_ERROR;
				CLANG_WARN_QUOTED_INCLUDE_IN_FRAMEWORK_HEADER = YES;
				CLANG_WARN_RANGE_LOOP_ANALYSIS = YES;
				CLANG_WARN_STRICT_PROTOTYPES = YES;
				CLANG_WARN_SUSPICIOUS_MOVE = YES;
				CLANG_WARN_UNGUARDED_AVAILABILITY = YES_AGGRESSIVE;
				CLANG_WARN_UNREACHABLE_CODE = YES;
				CLANG_WARN__DUPLICATE_METHOD_MATCH = YES;
				COPY_PHASE_STRIP = NO;
				DEBUG_INFORMATION_FORMAT = dwarf;
				DEVELOPMENT_TEAM = 43UH7KW7DA;
				ENABLE_STRICT_OBJC_MSGSEND = YES;
				ENABLE_TESTABILITY = YES;
				ENABLE_USER_SCRIPT_SANDBOXING = YES;
				GCC_C_LANGUAGE_STANDARD = gnu17;
				GCC_DYNAMIC_NO_PIC = NO;
				GCC_NO_COMMON_BLOCKS = YES;
				GCC_OPTIMIZATION_LEVEL = 0;
				GCC_PREPROCESSOR_DEFINITIONS = (
					"DEBUG=1",
					"$(inherited)",
				);
				GCC_WARN_64_TO_32_BIT_CONVERSION = YES;
				GCC_WARN_ABOUT_RETURN_TYPE = YES_ERROR;
				GCC_WARN_UNDECLARED_SELECTOR = YES;
				GCC_WARN_UNINITIALIZED_AUTOS = YES_AGGRESSIVE;
				GCC_WARN_UNUSED_FUNCTION = YES;
				GCC_WARN_UNUSED_VARIABLE = YES;
				IPHONEOS_DEPLOYMENT_TARGET = 18.5;
				LOCALIZATION_PREFERS_STRING_CATALOGS = YES;
				MTL_ENABLE_DEBUG_INFO = INCLUDE_SOURCE;
				MTL_FAST_MATH = YES;
				ONLY_ACTIVE_ARCH = YES;
				SDKROOT = iphoneos;
				SWIFT_ACTIVE_COMPILATION_CONDITIONS = "DEBUG $(inherited)";
				SWIFT_OPTIMIZATION_LEVEL = "-Onone";
			};
			name = Debug;
		};
		9BB20EAC2E4150F50092F16F /* Release */ = {
			isa = XCBuildConfiguration;
			buildSettings = {
				ALWAYS_SEARCH_USER_PATHS = NO;
				ASSETCATALOG_COMPILER_GENERATE_SWIFT_ASSET_SYMBOL_EXTENSIONS = YES;
				CLANG_ANALYZER_NONNULL = YES;
				CLANG_ANALYZER_NUMBER_OBJECT_CONVERSION = YES_AGGRESSIVE;
				CLANG_CXX_LANGUAGE_STANDARD = "gnu++20";
				CLANG_ENABLE_MODULES = YES;
				CLANG_ENABLE_OBJC_ARC = YES;
				CLANG_ENABLE_OBJC_WEAK = YES;
				CLANG_WARN_BLOCK_CAPTURE_AUTORELEASING = YES;
				CLANG_WARN_BOOL_CONVERSION = YES;
				CLANG_WARN_COMMA = YES;
				CLANG_WARN_CONSTANT_CONVERSION = YES;
				CLANG_WARN_DEPRECATED_OBJC_IMPLEMENTATIONS = YES;
				CLANG_WARN_DIRECT_OBJC_ISA_USAGE = YES_ERROR;
				CLANG_WARN_DOCUMENTATION_COMMENTS = YES;
				CLANG_WARN_EMPTY_BODY = YES;
				CLANG_WARN_ENUM_CONVERSION = YES;
				CLANG_WARN_INFINITE_RECURSION = YES;
				CLANG_WARN_INT_CONVERSION = YES;
				CLANG_WARN_NON_LITERAL_NULL_CONVERSION = YES;
				CLANG_WARN_OBJC_IMPLICIT_RETAIN_SELF = YES;
				CLANG_WARN_OBJC_LITERAL_CONVERSION = YES;
				CLANG_WARN_OBJC_ROOT_CLASS = YES_ERROR;
				CLANG_WARN_QUOTED_INCLUDE_IN_FRAMEWORK_HEADER = YES;
				CLANG_WARN_RANGE_LOOP_ANALYSIS = YES;
				CLANG_WARN_STRICT_PROTOTYPES = YES;
				CLANG_WARN_SUSPICIOUS_MOVE = YES;
				CLANG_WARN_UNGUARDED_AVAILABILITY = YES_AGGRESSIVE;
				CLANG_WARN_UNREACHABLE_CODE = YES;
				CLANG_WARN__DUPLICATE_METHOD_MATCH = YES;
				COPY_PHASE_STRIP = NO;
				DEBUG_INFORMATION_FORMAT = "dwarf-with-dsym";
				DEVELOPMENT_TEAM = 43UH7KW7DA;
				ENABLE_NS_ASSERTIONS = NO;
				ENABLE_STRICT_OBJC_MSGSEND = YES;
				ENABLE_USER_SCRIPT_SANDBOXING = YES;
				GCC_C_LANGUAGE_STANDARD = gnu17;
				GCC_NO_COMMON_BLOCKS = YES;
				GCC_WARN_64_TO_32_BIT_CONVERSION = YES;
				GCC_WARN_ABOUT_RETURN_TYPE = YES_ERROR;
				GCC_WARN_UNDECLARED_SELECTOR = YES;
				GCC_WARN_UNINITIALIZED_AUTOS = YES_AGGRESSIVE;
				GCC_WARN_UNUSED_FUNCTION = YES;
				GCC_WARN_UNUSED_VARIABLE = YES;
				IPHONEOS_DEPLOYMENT_TARGET = 18.5;
				LOCALIZATION_PREFERS_STRING_CATALOGS = YES;
				MTL_ENABLE_DEBUG_INFO = NO;
				MTL_FAST_MATH = YES;
				SDKROOT = iphoneos;
				SWIFT_COMPILATION_MODE = wholemodule;
				VALIDATE_PRODUCT = YES;
			};
			name = Release;
		};
		9BB20EAE2E4150F50092F16F /* Debug */ = {
			isa = XCBuildConfiguration;
			buildSettings = {
				ASSETCATALOG_COMPILER_APPICON_NAME = AppIcon;
				ASSETCATALOG_COMPILER_GLOBAL_ACCENT_COLOR_NAME = AccentColor;
				CODE_SIGN_STYLE = Automatic;
				CURRENT_PROJECT_VERSION = 1;
				DEVELOPMENT_TEAM = 43UH7KW7DA;
				ENABLE_PREVIEWS = YES;
				GENERATE_INFOPLIST_FILE = YES;
				INFOPLIST_KEY_UIApplicationSceneManifest_Generation = YES;
				INFOPLIST_KEY_UIApplicationSupportsIndirectInputEvents = YES;
				INFOPLIST_KEY_UILaunchScreen_Generation = YES;
				INFOPLIST_KEY_UISupportedInterfaceOrientations_iPad = "UIInterfaceOrientationPortrait UIInterfaceOrientationPortraitUpsideDown UIInterfaceOrientationLandscapeLeft UIInterfaceOrientationLandscapeRight";
				INFOPLIST_KEY_UISupportedInterfaceOrientations_iPhone = "UIInterfaceOrientationPortrait UIInterfaceOrientationLandscapeLeft UIInterfaceOrientationLandscapeRight";
				IPHONEOS_DEPLOYMENT_TARGET = 15.0;
				LD_RUNPATH_SEARCH_PATHS = (
					"$(inherited)",
					"@executable_path/Frameworks",
				);
				MARKETING_VERSION = 1.0;
				PRODUCT_BUNDLE_IDENTIFIER = com.arturpilavetz.SwiftUIChat;
				PRODUCT_NAME = "$(TARGET_NAME)";
				SWIFT_EMIT_LOC_STRINGS = YES;
				SWIFT_VERSION = 5.0;
				TARGETED_DEVICE_FAMILY = "1,2";
			};
			name = Debug;
		};
		9BB20EAF2E4150F50092F16F /* Release */ = {
			isa = XCBuildConfiguration;
			buildSettings = {
				ASSETCATALOG_COMPILER_APPICON_NAME = AppIcon;
				ASSETCATALOG_COMPILER_GLOBAL_ACCENT_COLOR_NAME = AccentColor;
				CODE_SIGN_STYLE = Automatic;
				CURRENT_PROJECT_VERSION = 1;
				DEVELOPMENT_TEAM = 43UH7KW7DA;
				ENABLE_PREVIEWS = YES;
				GENERATE_INFOPLIST_FILE = YES;
				INFOPLIST_KEY_UIApplicationSceneManifest_Generation = YES;
				INFOPLIST_KEY_UIApplicationSupportsIndirectInputEvents = YES;
				INFOPLIST_KEY_UILaunchScreen_Generation = YES;
				INFOPLIST_KEY_UISupportedInterfaceOrientations_iPad = "UIInterfaceOrientationPortrait UIInterfaceOrientationPortraitUpsideDown UIInterfaceOrientationLandscapeLeft UIInterfaceOrientationLandscapeRight";
				INFOPLIST_KEY_UISupportedInterfaceOrientations_iPhone = "UIInterfaceOrientationPortrait UIInterfaceOrientationLandscapeLeft UIInterfaceOrientationLandscapeRight";
				IPHONEOS_DEPLOYMENT_TARGET = 15.0;
				LD_RUNPATH_SEARCH_PATHS = (
					"$(inherited)",
					"@executable_path/Frameworks",
				);
				MARKETING_VERSION = 1.0;
				PRODUCT_BUNDLE_IDENTIFIER = com.arturpilavetz.SwiftUIChat;
				PRODUCT_NAME = "$(TARGET_NAME)";
				SWIFT_EMIT_LOC_STRINGS = YES;
				SWIFT_VERSION = 5.0;
				TARGETED_DEVICE_FAMILY = "1,2";
			};
			name = Release;
		};
		9BB20EB12E4150F50092F16F /* Debug */ = {
			isa = XCBuildConfiguration;
			buildSettings = {
				BUNDLE_LOADER = "$(TEST_HOST)";
				CODE_SIGN_STYLE = Automatic;
				CURRENT_PROJECT_VERSION = 1;
				DEVELOPMENT_TEAM = 43UH7KW7DA;
				GENERATE_INFOPLIST_FILE = YES;
				IPHONEOS_DEPLOYMENT_TARGET = 18.5;
				MARKETING_VERSION = 1.0;
				PRODUCT_BUNDLE_IDENTIFIER = com.arturpilavetz.SwiftUIChatTests;
				PRODUCT_NAME = "$(TARGET_NAME)";
				SWIFT_EMIT_LOC_STRINGS = NO;
				SWIFT_VERSION = 5.0;
				TARGETED_DEVICE_FAMILY = "1,2";
				TEST_HOST = "$(BUILT_PRODUCTS_DIR)/SwiftUIChat.app/$(BUNDLE_EXECUTABLE_FOLDER_PATH)/SwiftUIChat";
			};
			name = Debug;
		};
		9BB20EB22E4150F50092F16F /* Release */ = {
			isa = XCBuildConfiguration;
			buildSettings = {
				BUNDLE_LOADER = "$(TEST_HOST)";
				CODE_SIGN_STYLE = Automatic;
				CURRENT_PROJECT_VERSION = 1;
				DEVELOPMENT_TEAM = 43UH7KW7DA;
				GENERATE_INFOPLIST_FILE = YES;
				IPHONEOS_DEPLOYMENT_TARGET = 18.5;
				MARKETING_VERSION = 1.0;
				PRODUCT_BUNDLE_IDENTIFIER = com.arturpilavetz.SwiftUIChatTests;
				PRODUCT_NAME = "$(TARGET_NAME)";
				SWIFT_EMIT_LOC_STRINGS = NO;
				SWIFT_VERSION = 5.0;
				TARGETED_DEVICE_FAMILY = "1,2";
				TEST_HOST = "$(BUILT_PRODUCTS_DIR)/SwiftUIChat.app/$(BUNDLE_EXECUTABLE_FOLDER_PATH)/SwiftUIChat";
			};
			name = Release;
		};
		9BB20EB42E4150F50092F16F /* Debug */ = {
			isa = XCBuildConfiguration;
			buildSettings = {
				CODE_SIGN_STYLE = Automatic;
				CURRENT_PROJECT_VERSION = 1;
				DEVELOPMENT_TEAM = 43UH7KW7DA;
				GENERATE_INFOPLIST_FILE = YES;
				MARKETING_VERSION = 1.0;
				PRODUCT_BUNDLE_IDENTIFIER = com.arturpilavetz.SwiftUIChatUITests;
				PRODUCT_NAME = "$(TARGET_NAME)";
				SWIFT_EMIT_LOC_STRINGS = NO;
				SWIFT_VERSION = 5.0;
				TARGETED_DEVICE_FAMILY = "1,2";
				TEST_TARGET_NAME = SwiftUIChat;
			};
			name = Debug;
		};
		9BB20EB52E4150F50092F16F /* Release */ = {
			isa = XCBuildConfiguration;
			buildSettings = {
				CODE_SIGN_STYLE = Automatic;
				CURRENT_PROJECT_VERSION = 1;
				DEVELOPMENT_TEAM = 43UH7KW7DA;
				GENERATE_INFOPLIST_FILE = YES;
				MARKETING_VERSION = 1.0;
				PRODUCT_BUNDLE_IDENTIFIER = com.arturpilavetz.SwiftUIChatUITests;
				PRODUCT_NAME = "$(TARGET_NAME)";
				SWIFT_EMIT_LOC_STRINGS = NO;
				SWIFT_VERSION = 5.0;
				TARGETED_DEVICE_FAMILY = "1,2";
				TEST_TARGET_NAME = SwiftUIChat;
			};
			name = Release;
		};
/* End XCBuildConfiguration section */

/* Begin XCConfigurationList section */
		9BB20E872E4150F30092F16F /* Build configuration list for PBXProject "SwiftUIChat" */ = {
			isa = XCConfigurationList;
			buildConfigurations = (
				9BB20EAB2E4150F50092F16F /* Debug */,
				9BB20EAC2E4150F50092F16F /* Release */,
			);
			defaultConfigurationIsVisible = 0;
			defaultConfigurationName = Release;
		};
		9BB20EAD2E4150F50092F16F /* Build configuration list for PBXNativeTarget "SwiftUIChat" */ = {
			isa = XCConfigurationList;
			buildConfigurations = (
				9BB20EAE2E4150F50092F16F /* Debug */,
				9BB20EAF2E4150F50092F16F /* Release */,
			);
			defaultConfigurationIsVisible = 0;
			defaultConfigurationName = Release;
		};
		9BB20EB02E4150F50092F16F /* Build configuration list for PBXNativeTarget "SwiftUIChatTests" */ = {
			isa = XCConfigurationList;
			buildConfigurations = (
				9BB20EB12E4150F50092F16F /* Debug */,
				9BB20EB22E4150F50092F16F /* Release */,
			);
			defaultConfigurationIsVisible = 0;
			defaultConfigurationName = Release;
		};
		9BB20EB32E4150F50092F16F /* Build configuration list for PBXNativeTarget "SwiftUIChatUITests" */ = {
			isa = XCConfigurationList;
			buildConfigurations = (
				9BB20EB42E4150F50092F16F /* Debug */,
				9BB20EB52E4150F50092F16F /* Release */,
			);
			defaultConfigurationIsVisible = 0;
			defaultConfigurationName = Release;
		};
/* End XCConfigurationList section */

/* Begin XCRemoteSwiftPackageReference section */
		9BC7725C2E65C61F0038A97C /* XCRemoteSwiftPackageReference "swiftui-introspect" */ = {
			isa = XCRemoteSwiftPackageReference;
			repositoryURL = "https://github.com/siteline/swiftui-introspect";
			requirement = {
				kind = exactVersion;
				version = "1.4.0-beta.4";
			};
		};
/* End XCRemoteSwiftPackageReference section */

/* Begin XCSwiftPackageProductDependency section */
		9BC7725D2E65C61F0038A97C /* SwiftUIIntrospect */ = {
			isa = XCSwiftPackageProductDependency;
			package = 9BC7725C2E65C61F0038A97C /* XCRemoteSwiftPackageReference "swiftui-introspect" */;
			productName = SwiftUIIntrospect;
		};
/* End XCSwiftPackageProductDependency section */
	};
	rootObject = 9BB20E842E4150F30092F16F /* Project object */;
}
