// !$*UTF8*$!
{
	archiveVersion = 1;
	classes = {
	};
	objectVersion = 77;
	objects = {

/* Begin PBXBuildFile section */
		9BEE22462E6998AE006A0573 /* SwiftUIChat in Frameworks */ = {isa = PBXBuildFile; productRef = 9BEE22452E6998AE006A0573 /* SwiftUIChat */; };
/* End PBXBuildFile section */

/* Begin PBXContainerItemProxy section */
		9BEE22282E69982B006A0573 /* PBXContainerItemProxy */ = {
			isa = PBXContainerItemProxy;
			containerPortal = 9BEE22122E699829006A0573 /* Project object */;
			proxyType = 1;
			remoteGlobalIDString = 9BEE22192E699829006A0573;
			remoteInfo = SwiftUIChatExample;
		};
		9BEE22322E69982B006A0573 /* PBXContainerItemProxy */ = {
			isa = PBXContainerItemProxy;
			containerPortal = 9BEE22122E699829006A0573 /* Project object */;
			proxyType = 1;
			remoteGlobalIDString = 9BEE22192E699829006A0573;
			remoteInfo = SwiftUIChatExample;
		};
/* End PBXContainerItemProxy section */

/* Begin PBXFileReference section */
		9BEE221A2E699829006A0573 /* SwiftUIChatExample.app */ = {isa = PBXFileReference; explicitFileType = wrapper.application; includeInIndex = 0; path = SwiftUIChatExample.app; sourceTree = BUILT_PRODUCTS_DIR; };
		9BEE22272E69982B006A0573 /* SwiftUIChatExampleTests.xctest */ = {isa = PBXFileReference; explicitFileType = wrapper.cfbundle; includeInIndex = 0; path = SwiftUIChatExampleTests.xctest; sourceTree = BUILT_PRODUCTS_DIR; };
		9BEE22312E69982B006A0573 /* SwiftUIChatExampleUITests.xctest */ = {isa = PBXFileReference; explicitFileType = wrapper.cfbundle; includeInIndex = 0; path = SwiftUIChatExampleUITests.xctest; sourceTree = BUILT_PRODUCTS_DIR; };
/* End PBXFileReference section */

/* Begin PBXFileSystemSynchronizedRootGroup section */
		9BEE221C2E699829006A0573 /* SwiftUIChatExample */ = {
			isa = PBXFileSystemSynchronizedRootGroup;
			path = SwiftUIChatExample;
			sourceTree = "<group>";
		};
		9BEE222A2E69982B006A0573 /* SwiftUIChatExampleTests */ = {
			isa = PBXFileSystemSynchronizedRootGroup;
			path = SwiftUIChatExampleTests;
			sourceTree = "<group>";
		};
		9BEE22342E69982B006A0573 /* SwiftUIChatExampleUITests */ = {
			isa = PBXFileSystemSynchronizedRootGroup;
			path = SwiftUIChatExampleUITests;
			sourceTree = "<group>";
		};
/* End PBXFileSystemSynchronizedRootGroup section */

/* Begin PBXFrameworksBuildPhase section */
		9BEE22172E699829006A0573 /* Frameworks */ = {
			isa = PBXFrameworksBuildPhase;
			buildActionMask = 2147483647;
			files = (
				9BEE22462E6998AE006A0573 /* SwiftUIChat in Frameworks */,
			);
			runOnlyForDeploymentPostprocessing = 0;
		};
		9BEE22242E69982B006A0573 /* Frameworks */ = {
			isa = PBXFrameworksBuildPhase;
			buildActionMask = 2147483647;
			files = (
			);
			runOnlyForDeploymentPostprocessing = 0;
		};
		9BEE222E2E69982B006A0573 /* Frameworks */ = {
			isa = PBXFrameworksBuildPhase;
			buildActionMask = 2147483647;
			files = (
			);
			runOnlyForDeploymentPostprocessing = 0;
		};
/* End PBXFrameworksBuildPhase section */

/* Begin PBXGroup section */
		9BEE22112E699829006A0573 = {
			isa = PBXGroup;
			children = (
				9BEE221C2E699829006A0573 /* SwiftUIChatExample */,
				9BEE222A2E69982B006A0573 /* SwiftUIChatExampleTests */,
				9BEE22342E69982B006A0573 /* SwiftUIChatExampleUITests */,
				9BEE221B2E699829006A0573 /* Products */,
			);
			sourceTree = "<group>";
		};
		9BEE221B2E699829006A0573 /* Products */ = {
			isa = PBXGroup;
			children = (
				9BEE221A2E699829006A0573 /* SwiftUIChatExample.app */,
				9BEE22272E69982B006A0573 /* SwiftUIChatExampleTests.xctest */,
				9BEE22312E69982B006A0573 /* SwiftUIChatExampleUITests.xctest */,
			);
			name = Products;
			sourceTree = "<group>";
		};
/* End PBXGroup section */

/* Begin PBXNativeTarget section */
		9BEE22192E699829006A0573 /* SwiftUIChatExample */ = {
			isa = PBXNativeTarget;
			buildConfigurationList = 9BEE223B2E69982B006A0573 /* Build configuration list for PBXNativeTarget "SwiftUIChatExample" */;
			buildPhases = (
				9BEE22162E699829006A0573 /* Sources */,
				9BEE22172E699829006A0573 /* Frameworks */,
				9BEE22182E699829006A0573 /* Resources */,
			);
			buildRules = (
			);
			dependencies = (
			);
			fileSystemSynchronizedGroups = (
				9BEE221C2E699829006A0573 /* SwiftUIChatExample */,
			);
			name = SwiftUIChatExample;
			packageProductDependencies = (
				9BEE22452E6998AE006A0573 /* SwiftUIChat */,
			);
			productName = SwiftUIChatExample;
			productReference = 9BEE221A2E699829006A0573 /* SwiftUIChatExample.app */;
			productType = "com.apple.product-type.application";
		};
		9BEE22262E69982B006A0573 /* SwiftUIChatExampleTests */ = {
			isa = PBXNativeTarget;
			buildConfigurationList = 9BEE223E2E69982B006A0573 /* Build configuration list for PBXNativeTarget "SwiftUIChatExampleTests" */;
			buildPhases = (
				9BEE22232E69982B006A0573 /* Sources */,
				9BEE22242E69982B006A0573 /* Frameworks */,
				9BEE22252E69982B006A0573 /* Resources */,
			);
			buildRules = (
			);
			dependencies = (
				9BEE22292E69982B006A0573 /* PBXTargetDependency */,
			);
			fileSystemSynchronizedGroups = (
				9BEE222A2E69982B006A0573 /* SwiftUIChatExampleTests */,
			);
			name = SwiftUIChatExampleTests;
			packageProductDependencies = (
			);
			productName = SwiftUIChatExampleTests;
			productReference = 9BEE22272E69982B006A0573 /* SwiftUIChatExampleTests.xctest */;
			productType = "com.apple.product-type.bundle.unit-test";
		};
		9BEE22302E69982B006A0573 /* SwiftUIChatExampleUITests */ = {
			isa = PBXNativeTarget;
			buildConfigurationList = 9BEE22412E69982B006A0573 /* Build configuration list for PBXNativeTarget "SwiftUIChatExampleUITests" */;
			buildPhases = (
				9BEE222D2E69982B006A0573 /* Sources */,
				9BEE222E2E69982B006A0573 /* Frameworks */,
				9BEE222F2E69982B006A0573 /* Resources */,
			);
			buildRules = (
			);
			dependencies = (
				9BEE22332E69982B006A0573 /* PBXTargetDependency */,
			);
			fileSystemSynchronizedGroups = (
				9BEE22342E69982B006A0573 /* SwiftUIChatExampleUITests */,
			);
			name = SwiftUIChatExampleUITests;
			packageProductDependencies = (
			);
			productName = SwiftUIChatExampleUITests;
			productReference = 9BEE22312E69982B006A0573 /* SwiftUIChatExampleUITests.xctest */;
			productType = "com.apple.product-type.bundle.ui-testing";
		};
/* End PBXNativeTarget section */

/* Begin PBXProject section */
		9BEE22122E699829006A0573 /* Project object */ = {
			isa = PBXProject;
			attributes = {
				BuildIndependentTargetsInParallel = 1;
				LastSwiftUpdateCheck = 1640;
				LastUpgradeCheck = 1640;
				TargetAttributes = {
					9BEE22192E699829006A0573 = {
						CreatedOnToolsVersion = 16.4;
					};
					9BEE22262E69982B006A0573 = {
						CreatedOnToolsVersion = 16.4;
						TestTargetID = 9BEE22192E699829006A0573;
					};
					9BEE22302E69982B006A0573 = {
						CreatedOnToolsVersion = 16.4;
						TestTargetID = 9BEE22192E699829006A0573;
					};
				};
			};
			buildConfigurationList = 9BEE22152E699829006A0573 /* Build configuration list for PBXProject "SwiftUIChatExample" */;
			developmentRegion = en;
			hasScannedForEncodings = 0;
			knownRegions = (
				en,
				Base,
			);
			mainGroup = 9BEE22112E699829006A0573;
			minimizedProjectReferenceProxies = 1;
			packageReferences = (
				9BEE22442E6998AE006A0573 /* XCLocalSwiftPackageReference "../../../SwiftUIChat" */,
			);
			preferredProjectObjectVersion = 77;
			productRefGroup = 9BEE221B2E699829006A0573 /* Products */;
			projectDirPath = "";
			projectRoot = "";
			targets = (
				9BEE22192E699829006A0573 /* SwiftUIChatExample */,
				9BEE22262E69982B006A0573 /* SwiftUIChatExampleTests */,
				9BEE22302E69982B006A0573 /* SwiftUIChatExampleUITests */,
			);
		};
/* End PBXProject section */

/* Begin PBXResourcesBuildPhase section */
		9BEE22182E699829006A0573 /* Resources */ = {
			isa = PBXResourcesBuildPhase;
			buildActionMask = 2147483647;
			files = (
			);
			runOnlyForDeploymentPostprocessing = 0;
		};
		9BEE22252E69982B006A0573 /* Resources */ = {
			isa = PBXResourcesBuildPhase;
			buildActionMask = 2147483647;
			files = (
			);
			runOnlyForDeploymentPostprocessing = 0;
		};
		9BEE222F2E69982B006A0573 /* Resources */ = {
			isa = PBXResourcesBuildPhase;
			buildActionMask = 2147483647;
			files = (
			);
			runOnlyForDeploymentPostprocessing = 0;
		};
/* End PBXResourcesBuildPhase section */

/* Begin PBXSourcesBuildPhase section */
		9BEE22162E699829006A0573 /* Sources */ = {
			isa = PBXSourcesBuildPhase;
			buildActionMask = 2147483647;
			files = (
			);
			runOnlyForDeploymentPostprocessing = 0;
		};
		9BEE22232E69982B006A0573 /* Sources */ = {
			isa = PBXSourcesBuildPhase;
			buildActionMask = 2147483647;
			files = (
			);
			runOnlyForDeploymentPostprocessing = 0;
		};
		9BEE222D2E69982B006A0573 /* Sources */ = {
			isa = PBXSourcesBuildPhase;
			buildActionMask = 2147483647;
			files = (
			);
			runOnlyForDeploymentPostprocessing = 0;
		};
/* End PBXSourcesBuildPhase section */

/* Begin PBXTargetDependency section */
		9BEE22292E69982B006A0573 /* PBXTargetDependency */ = {
			isa = PBXTargetDependency;
			target = 9BEE22192E699829006A0573 /* SwiftUIChatExample */;
			targetProxy = 9BEE22282E69982B006A0573 /* PBXContainerItemProxy */;
		};
		9BEE22332E69982B006A0573 /* PBXTargetDependency */ = {
			isa = PBXTargetDependency;
			target = 9BEE22192E699829006A0573 /* SwiftUIChatExample */;
			targetProxy = 9BEE22322E69982B006A0573 /* PBXContainerItemProxy */;
		};
/* End PBXTargetDependency section */

/* Begin XCBuildConfiguration section */
		9BEE22392E69982B006A0573 /* Debug */ = {
			isa = XCBuildConfiguration;
			buildSettings = {
				ALWAYS_SEARCH_USER_PATHS = NO;
				ASSETCATALOG_COMPILER_GENERATE_SWIFT_ASSET_SYMBOL_EXTENSIONS = YES;
				CLANG_ANALYZER_NONNULL = YES;
				CLANG_ANALYZER_NUMBER_OBJECT_CONVERSION = YES_AGGRESSIVE;
				CLANG_CXX_LANGUAGE_STANDARD = "gnu++20";
				CLANG_ENABLE_MODULES = YES;
				CLANG_ENABLE_OBJC_ARC = YES;
				CLANG_ENABLE_OBJC_WEAK = YES;
				CLANG_WARN_BLOCK_CAPTURE_AUTORELEASING = YES;
				CLANG_WARN_BOOL_CONVERSION = YES;
				CLANG_WARN_COMMA = YES;
				CLANG_WARN_CONSTANT_CONVERSION = YES;
				CLANG_WARN_DEPRECATED_OBJC_IMPLEMENTATIONS = YES;
				CLANG_WARN_DIRECT_OBJC_ISA_USAGE = YES_ERROR;
				CLANG_WARN_DOCUMENTATION_COMMENTS = YES;
				CLANG_WARN_EMPTY_BODY = YES;
				CLANG_WARN_ENUM_CONVERSION = YES;
				CLANG_WARN_INFINITE_RECURSION = YES;
				CLANG_WARN_INT_CONVERSION = YES;
				CLANG_WARN_NON_LITERAL_NULL_CONVERSION = YES;
				CLANG_WARN_OBJC_IMPLICIT_RETAIN_SELF = YES;
				CLANG_WARN_OBJC_LITERAL_CONVERSION = YES;
				CLANG_WARN_OBJC_ROOT_CLASS = YES_ERROR;
				CLANG_WARN_QUOTED_INCLUDE_IN_FRAMEWORK_HEADER = YES;
				CLANG_WARN_RANGE_LOOP_ANALYSIS = YES;
				CLANG_WARN_STRICT_PROTOTYPES = YES;
				CLANG_WARN_SUSPICIOUS_MOVE = YES;
				CLANG_WARN_UNGUARDED_AVAILABILITY = YES_AGGRESSIVE;
				CLANG_WARN_UNREACHABLE_CODE = YES;
				CLANG_WARN__DUPLICATE_METHOD_MATCH = YES;
				COPY_PHASE_STRIP = NO;
				DEBUG_INFORMATION_FORMAT = dwarf;
				DEVELOPMENT_TEAM = 43UH7KW7DA;
				ENABLE_STRICT_OBJC_MSGSEND = YES;
				ENABLE_TESTABILITY = YES;
				ENABLE_USER_SCRIPT_SANDBOXING = YES;
				GCC_C_LANGUAGE_STANDARD = gnu17;
				GCC_DYNAMIC_NO_PIC = NO;
				GCC_NO_COMMON_BLOCKS = YES;
				GCC_OPTIMIZATION_LEVEL = 0;
				GCC_PREPROCESSOR_DEFINITIONS = (
					"DEBUG=1",
					"$(inherited)",
				);
				GCC_WARN_64_TO_32_BIT_CONVERSION = YES;
				GCC_WARN_ABOUT_RETURN_TYPE = YES_ERROR;
				GCC_WARN_UNDECLARED_SELECTOR = YES;
				GCC_WARN_UNINITIALIZED_AUTOS = YES_AGGRESSIVE;
				GCC_WARN_UNUSED_FUNCTION = YES;
				GCC_WARN_UNUSED_VARIABLE = YES;
				IPHONEOS_DEPLOYMENT_TARGET = 18.5;
				LOCALIZATION_PREFERS_STRING_CATALOGS = YES;
				MTL_ENABLE_DEBUG_INFO = INCLUDE_SOURCE;
				MTL_FAST_MATH = YES;
				ONLY_ACTIVE_ARCH = YES;
				SDKROOT = iphoneos;
				SWIFT_ACTIVE_COMPILATION_CONDITIONS = "DEBUG $(inherited)";
				SWIFT_OPTIMIZATION_LEVEL = "-Onone";
			};
			name = Debug;
		};
		9BEE223A2E69982B006A0573 /* Release */ = {
			isa = XCBuildConfiguration;
			buildSettings = {
				ALWAYS_SEARCH_USER_PATHS = NO;
				ASSETCATALOG_COMPILER_GENERATE_SWIFT_ASSET_SYMBOL_EXTENSIONS = YES;
				CLANG_ANALYZER_NONNULL = YES;
				CLANG_ANALYZER_NUMBER_OBJECT_CONVERSION = YES_AGGRESSIVE;
				CLANG_CXX_LANGUAGE_STANDARD = "gnu++20";
				CLANG_ENABLE_MODULES = YES;
				CLANG_ENABLE_OBJC_ARC = YES;
				CLANG_ENABLE_OBJC_WEAK = YES;
				CLANG_WARN_BLOCK_CAPTURE_AUTORELEASING = YES;
				CLANG_WARN_BOOL_CONVERSION = YES;
				CLANG_WARN_COMMA = YES;
				CLANG_WARN_CONSTANT_CONVERSION = YES;
				CLANG_WARN_DEPRECATED_OBJC_IMPLEMENTATIONS = YES;
				CLANG_WARN_DIRECT_OBJC_ISA_USAGE = YES_ERROR;
				CLANG_WARN_DOCUMENTATION_COMMENTS = YES;
				CLANG_WARN_EMPTY_BODY = YES;
				CLANG_WARN_ENUM_CONVERSION = YES;
				CLANG_WARN_INFINITE_RECURSION = YES;
				CLANG_WARN_INT_CONVERSION = YES;
				CLANG_WARN_NON_LITERAL_NULL_CONVERSION = YES;
				CLANG_WARN_OBJC_IMPLICIT_RETAIN_SELF = YES;
				CLANG_WARN_OBJC_LITERAL_CONVERSION = YES;
				CLANG_WARN_OBJC_ROOT_CLASS = YES_ERROR;
				CLANG_WARN_QUOTED_INCLUDE_IN_FRAMEWORK_HEADER = YES;
				CLANG_WARN_RANGE_LOOP_ANALYSIS = YES;
				CLANG_WARN_STRICT_PROTOTYPES = YES;
				CLANG_WARN_SUSPICIOUS_MOVE = YES;
				CLANG_WARN_UNGUARDED_AVAILABILITY = YES_AGGRESSIVE;
				CLANG_WARN_UNREACHABLE_CODE = YES;
				CLANG_WARN__DUPLICATE_METHOD_MATCH = YES;
				COPY_PHASE_STRIP = NO;
				DEBUG_INFORMATION_FORMAT = "dwarf-with-dsym";
				DEVELOPMENT_TEAM = 43UH7KW7DA;
				ENABLE_NS_ASSERTIONS = NO;
				ENABLE_STRICT_OBJC_MSGSEND = YES;
				ENABLE_USER_SCRIPT_SANDBOXING = YES;
				GCC_C_LANGUAGE_STANDARD = gnu17;
				GCC_NO_COMMON_BLOCKS = YES;
				GCC_WARN_64_TO_32_BIT_CONVERSION = YES;
				GCC_WARN_ABOUT_RETURN_TYPE = YES_ERROR;
				GCC_WARN_UNDECLARED_SELECTOR = YES;
				GCC_WARN_UNINITIALIZED_AUTOS = YES_AGGRESSIVE;
				GCC_WARN_UNUSED_FUNCTION = YES;
				GCC_WARN_UNUSED_VARIABLE = YES;
				IPHONEOS_DEPLOYMENT_TARGET = 18.5;
				LOCALIZATION_PREFERS_STRING_CATALOGS = YES;
				MTL_ENABLE_DEBUG_INFO = NO;
				MTL_FAST_MATH = YES;
				SDKROOT = iphoneos;
				SWIFT_COMPILATION_MODE = wholemodule;
				VALIDATE_PRODUCT = YES;
			};
			name = Release;
		};
		9BEE223C2E69982B006A0573 /* Debug */ = {
			isa = XCBuildConfiguration;
			buildSettings = {
				ASSETCATALOG_COMPILER_APPICON_NAME = AppIcon;
				ASSETCATALOG_COMPILER_GLOBAL_ACCENT_COLOR_NAME = AccentColor;
				CODE_SIGN_STYLE = Automatic;
				CURRENT_PROJECT_VERSION = 1;
				DEVELOPMENT_TEAM = 43UH7KW7DA;
				ENABLE_PREVIEWS = YES;
				GENERATE_INFOPLIST_FILE = YES;
				INFOPLIST_KEY_UIApplicationSceneManifest_Generation = YES;
				INFOPLIST_KEY_UIApplicationSupportsIndirectInputEvents = YES;
				INFOPLIST_KEY_UILaunchScreen_Generation = YES;
				INFOPLIST_KEY_UISupportedInterfaceOrientations_iPad = "UIInterfaceOrientationPortrait UIInterfaceOrientationPortraitUpsideDown UIInterfaceOrientationLandscapeLeft UIInterfaceOrientationLandscapeRight";
				INFOPLIST_KEY_UISupportedInterfaceOrientations_iPhone = "UIInterfaceOrientationPortrait UIInterfaceOrientationLandscapeLeft UIInterfaceOrientationLandscapeRight";
				IPHONEOS_DEPLOYMENT_TARGET = 15.0;
				LD_RUNPATH_SEARCH_PATHS = (
					"$(inherited)",
					"@executable_path/Frameworks",
				);
				MARKETING_VERSION = 1.0;
				PRODUCT_BUNDLE_IDENTIFIER = com.arturpilavetz.SwiftUIChatExample;
				PRODUCT_NAME = "$(TARGET_NAME)";
				SWIFT_EMIT_LOC_STRINGS = YES;
				SWIFT_VERSION = 5.0;
				TARGETED_DEVICE_FAMILY = "1,2";
			};
			name = Debug;
		};
		9BEE223D2E69982B006A0573 /* Release */ = {
			isa = XCBuildConfiguration;
			buildSettings = {
				ASSETCATALOG_COMPILER_APPICON_NAME = AppIcon;
				ASSETCATALOG_COMPILER_GLOBAL_ACCENT_COLOR_NAME = AccentColor;
				CODE_SIGN_STYLE = Automatic;
				CURRENT_PROJECT_VERSION = 1;
				DEVELOPMENT_TEAM = 43UH7KW7DA;
				ENABLE_PREVIEWS = YES;
				GENERATE_INFOPLIST_FILE = YES;
				INFOPLIST_KEY_UIApplicationSceneManifest_Generation = YES;
				INFOPLIST_KEY_UIApplicationSupportsIndirectInputEvents = YES;
				INFOPLIST_KEY_UILaunchScreen_Generation = YES;
				INFOPLIST_KEY_UISupportedInterfaceOrientations_iPad = "UIInterfaceOrientationPortrait UIInterfaceOrientationPortraitUpsideDown UIInterfaceOrientationLandscapeLeft UIInterfaceOrientationLandscapeRight";
				INFOPLIST_KEY_UISupportedInterfaceOrientations_iPhone = "UIInterfaceOrientationPortrait UIInterfaceOrientationLandscapeLeft UIInterfaceOrientationLandscapeRight";
				IPHONEOS_DEPLOYMENT_TARGET = 15.0;
				LD_RUNPATH_SEARCH_PATHS = (
					"$(inherited)",
					"@executable_path/Frameworks",
				);
				MARKETING_VERSION = 1.0;
				PRODUCT_BUNDLE_IDENTIFIER = com.arturpilavetz.SwiftUIChatExample;
				PRODUCT_NAME = "$(TARGET_NAME)";
				SWIFT_EMIT_LOC_STRINGS = YES;
				SWIFT_VERSION = 5.0;
				TARGETED_DEVICE_FAMILY = "1,2";
			};
			name = Release;
		};
		9BEE223F2E69982B006A0573 /* Debug */ = {
			isa = XCBuildConfiguration;
			buildSettings = {
				BUNDLE_LOADER = "$(TEST_HOST)";
				CODE_SIGN_STYLE = Automatic;
				CURRENT_PROJECT_VERSION = 1;
				DEVELOPMENT_TEAM = 43UH7KW7DA;
				GENERATE_INFOPLIST_FILE = YES;
				IPHONEOS_DEPLOYMENT_TARGET = 18.5;
				MARKETING_VERSION = 1.0;
				PRODUCT_BUNDLE_IDENTIFIER = com.arturpilavetz.SwiftUIChatExampleTests;
				PRODUCT_NAME = "$(TARGET_NAME)";
				SWIFT_EMIT_LOC_STRINGS = NO;
				SWIFT_VERSION = 5.0;
				TARGETED_DEVICE_FAMILY = "1,2";
				TEST_HOST = "$(BUILT_PRODUCTS_DIR)/SwiftUIChatExample.app/$(BUNDLE_EXECUTABLE_FOLDER_PATH)/SwiftUIChatExample";
			};
			name = Debug;
		};
		9BEE22402E69982B006A0573 /* Release */ = {
			isa = XCBuildConfiguration;
			buildSettings = {
				BUNDLE_LOADER = "$(TEST_HOST)";
				CODE_SIGN_STYLE = Automatic;
				CURRENT_PROJECT_VERSION = 1;
				DEVELOPMENT_TEAM = 43UH7KW7DA;
				GENERATE_INFOPLIST_FILE = YES;
				IPHONEOS_DEPLOYMENT_TARGET = 18.5;
				MARKETING_VERSION = 1.0;
				PRODUCT_BUNDLE_IDENTIFIER = com.arturpilavetz.SwiftUIChatExampleTests;
				PRODUCT_NAME = "$(TARGET_NAME)";
				SWIFT_EMIT_LOC_STRINGS = NO;
				SWIFT_VERSION = 5.0;
				TARGETED_DEVICE_FAMILY = "1,2";
				TEST_HOST = "$(BUILT_PRODUCTS_DIR)/SwiftUIChatExample.app/$(BUNDLE_EXECUTABLE_FOLDER_PATH)/SwiftUIChatExample";
			};
			name = Release;
		};
		9BEE22422E69982B006A0573 /* Debug */ = {
			isa = XCBuildConfiguration;
			buildSettings = {
				CODE_SIGN_STYLE = Automatic;
				CURRENT_PROJECT_VERSION = 1;
				DEVELOPMENT_TEAM = 43UH7KW7DA;
				GENERATE_INFOPLIST_FILE = YES;
				MARKETING_VERSION = 1.0;
				PRODUCT_BUNDLE_IDENTIFIER = com.arturpilavetz.SwiftUIChatExampleUITests;
				PRODUCT_NAME = "$(TARGET_NAME)";
				SWIFT_EMIT_LOC_STRINGS = NO;
				SWIFT_VERSION = 5.0;
				TARGETED_DEVICE_FAMILY = "1,2";
				TEST_TARGET_NAME = SwiftUIChatExample;
			};
			name = Debug;
		};
		9BEE22432E69982B006A0573 /* Release */ = {
			isa = XCBuildConfiguration;
			buildSettings = {
				CODE_SIGN_STYLE = Automatic;
				CURRENT_PROJECT_VERSION = 1;
				DEVELOPMENT_TEAM = 43UH7KW7DA;
				GENERATE_INFOPLIST_FILE = YES;
				MARKETING_VERSION = 1.0;
				PRODUCT_BUNDLE_IDENTIFIER = com.arturpilavetz.SwiftUIChatExampleUITests;
				PRODUCT_NAME = "$(TARGET_NAME)";
				SWIFT_EMIT_LOC_STRINGS = NO;
				SWIFT_VERSION = 5.0;
				TARGETED_DEVICE_FAMILY = "1,2";
				TEST_TARGET_NAME = SwiftUIChatExample;
			};
			name = Release;
		};
/* End XCBuildConfiguration section */

/* Begin XCConfigurationList section */
		9BEE22152E699829006A0573 /* Build configuration list for PBXProject "SwiftUIChatExample" */ = {
			isa = XCConfigurationList;
			buildConfigurations = (
				9BEE22392E69982B006A0573 /* Debug */,
				9BEE223A2E69982B006A0573 /* Release */,
			);
			defaultConfigurationIsVisible = 0;
			defaultConfigurationName = Release;
		};
		9BEE223B2E69982B006A0573 /* Build configuration list for PBXNativeTarget "SwiftUIChatExample" */ = {
			isa = XCConfigurationList;
			buildConfigurations = (
				9BEE223C2E69982B006A0573 /* Debug */,
				9BEE223D2E69982B006A0573 /* Release */,
			);
			defaultConfigurationIsVisible = 0;
			defaultConfigurationName = Release;
		};
		9BEE223E2E69982B006A0573 /* Build configuration list for PBXNativeTarget "SwiftUIChatExampleTests" */ = {
			isa = XCConfigurationList;
			buildConfigurations = (
				9BEE223F2E69982B006A0573 /* Debug */,
				9BEE22402E69982B006A0573 /* Release */,
			);
			defaultConfigurationIsVisible = 0;
			defaultConfigurationName = Release;
		};
		9BEE22412E69982B006A0573 /* Build configuration list for PBXNativeTarget "SwiftUIChatExampleUITests" */ = {
			isa = XCConfigurationList;
			buildConfigurations = (
				9BEE22422E69982B006A0573 /* Debug */,
				9BEE22432E69982B006A0573 /* Release */,
			);
			defaultConfigurationIsVisible = 0;
			defaultConfigurationName = Release;
		};
/* End XCConfigurationList section */

/* Begin XCLocalSwiftPackageReference section */
		9BEE22442E6998AE006A0573 /* XCLocalSwiftPackageReference "../../../SwiftUIChat" */ = {
			isa = XCLocalSwiftPackageReference;
			relativePath = ../../../SwiftUIChat;
		};
/* End XCLocalSwiftPackageReference section */

/* Begin XCSwiftPackageProductDependency section */
		9BEE22452E6998AE006A0573 /* SwiftUIChat */ = {
			isa = XCSwiftPackageProductDependency;
			productName = SwiftUIChat;
		};
/* End XCSwiftPackageProductDependency section */
	};
	rootObject = 9BEE22122E699829006A0573 /* Project object */;
}
